dependencies:
- name: postgresql
  repository: oci://registry-1.docker.io/bitnamicharts
  version: 16.7.27
- name: common
  repository: oci://registry-1.docker.io/bitnamicharts
  version: 2.31.3
digest: sha256:4ac06ee8266b694791c14eaef2e0f19a5714ebe4bd19b1bcb4bc6069d8fab482
generated: "2025-09-22T11:26:51.06616649+02:00"
